
Microsoft Visual Studio Solution File, Format Version 12.00
# Visual Studio Version 17
VisualStudioVersion = 17.11.35303.130
MinimumVisualStudioVersion = 10.0.40219.1
Project("{2150E333-8FDC-42A3-9474-1A3956D46DE8}") = "Task0", "Task0", "{29204CF8-2174-44A0-8F43-A2EFC602EA26}"
EndProject
Project("{9A19103F-16F7-4668-BE54-9A1E7A4F7556}") = "Tyuiu.KhvorykhVA.Sprint5.Task0.V30", "Tyuiu.KhvorykhVA.Sprint5.Task0.V30\Tyuiu.KhvorykhVA.Sprint5.Task0.V30.csproj", "{035B3070-0A47-4482-B7F1-1EF40DDBDE15}"
EndProject
Project("{9A19103F-16F7-4668-BE54-9A1E7A4F7556}") = "Tyuiu.KhvorykhVA.Sprint5.Task0.V30.Lib", "Tyuiu.KhvorykhVA.Sprint5.Task0.V30.Lib\Tyuiu.KhvorykhVA.Sprint5.Task0.V30.Lib.csproj", "{816DDB55-E78A-4616-8470-E48FE205BB31}"
EndProject
Project("{9A19103F-16F7-4668-BE54-9A1E7A4F7556}") = "Tyuiu.KhvorykhVA.Sprint5.Task0.V30.Test", "Tyuiu.KhvorykhVA.Sprint5.Task0.V30.Test\Tyuiu.KhvorykhVA.Sprint5.Task0.V30.Test.csproj", "{09E80DF2-2DE4-47E2-A449-8620442480F9}"
EndProject
Project("{2150E333-8FDC-42A3-9474-1A3956D46DE8}") = "Task1", "Task1", "{41AF98EA-59A2-41E6-A8C9-82A1F473AF0B}"
EndProject
Project("{9A19103F-16F7-4668-BE54-9A1E7A4F7556}") = "Tyuiu.KhvorykhVA.Sprint5.Task1.V3", "Tyuiu.KhvorykhVA.Sprint5.Task1.V3\Tyuiu.KhvorykhVA.Sprint5.Task1.V3.csproj", "{129D873E-B141-4FEA-AC98-D05AE0D672A7}"
EndProject
Project("{9A19103F-16F7-4668-BE54-9A1E7A4F7556}") = "Tyuiu.KhvorykhVA.Sprint5.Task1.V3.Lib", "Tyuiu.KhvorykhVA.Sprint5.Task1.V3.Lib\Tyuiu.KhvorykhVA.Sprint5.Task1.V3.Lib.csproj", "{DD6E975B-1A36-47E8-95AE-6BEE1A659BFC}"
EndProject
Project("{9A19103F-16F7-4668-BE54-9A1E7A4F7556}") = "Tyuiu.KhvorykhVA.Sprint5.Task1.V3.Test", "Tyuiu.KhvorykhVA.Sprint5.Task1.V3.Test\Tyuiu.KhvorykhVA.Sprint5.Task1.V3.Test.csproj", "{79E39A10-A069-4AC4-8AB1-369AEB95585E}"
EndProject
Project("{2150E333-8FDC-42A3-9474-1A3956D46DE8}") = "Task2", "Task2", "{77D9AF31-3BCA-421A-A58F-70510A6E46EA}"
EndProject
Project("{9A19103F-16F7-4668-BE54-9A1E7A4F7556}") = "Tyuiu.KhvorykhVA.Sprint5.Task2.V24", "Tyuiu.KhvorykhVA.Sprint5.Task2.V24\Tyuiu.KhvorykhVA.Sprint5.Task2.V24.csproj", "{AA9BBB41-4314-4ACE-BF40-866E8FE1FAE5}"
EndProject
Project("{9A19103F-16F7-4668-BE54-9A1E7A4F7556}") = "Tyuiu.KhvorykhVA.Sprint5.Task2.V24.Lib", "Tyuiu.KhvorykhVA.Sprint5.Task2.V24.Lib\Tyuiu.KhvorykhVA.Sprint5.Task2.V24.Lib.csproj", "{067783BB-5CA1-4ECE-87D4-192779EE1FBA}"
EndProject
Project("{9A19103F-16F7-4668-BE54-9A1E7A4F7556}") = "Tyuiu.KhvorykhVA.Sprint5.Task2.V24.Test", "Tyuiu.KhvorykhVA.Sprint5.Task2.V24.Test\Tyuiu.KhvorykhVA.Sprint5.Task2.V24.Test.csproj", "{7D0FF10A-36FD-4C8A-9A68-72D2911887B8}"
EndProject
Project("{2150E333-8FDC-42A3-9474-1A3956D46DE8}") = "Task3", "Task3", "{59CC6068-D362-4930-8D85-8FC9238781EE}"
EndProject
Project("{9A19103F-16F7-4668-BE54-9A1E7A4F7556}") = "Tyuiu.KhvorykhVA.Sprint5.Task3.V5", "Tyuiu.KhvorykhVA.Sprint5.Task3.V5\Tyuiu.KhvorykhVA.Sprint5.Task3.V5.csproj", "{19B4B95F-A1DD-4B37-B5CE-76C3F4216D7F}"
EndProject
Project("{9A19103F-16F7-4668-BE54-9A1E7A4F7556}") = "Tyuiu.KhvorykhVA.Sprint5.Task3.V5.Lib", "Tyuiu.KhvorykhVA.Sprint5.Task3.V5.Lib\Tyuiu.KhvorykhVA.Sprint5.Task3.V5.Lib.csproj", "{ADBD004C-2095-4AE4-8AC6-AC2A3CE67B99}"
EndProject
Project("{9A19103F-16F7-4668-BE54-9A1E7A4F7556}") = "Tyuiu.KhvorykhVA.Sprint5.Task3.V5.Test", "Tyuiu.KhvorykhVA.Sprint5.Task3.V5.Test\Tyuiu.KhvorykhVA.Sprint5.Task3.V5.Test.csproj", "{EC0956AC-E4CD-4194-AF98-AA63F3F17A26}"
EndProject
Project("{2150E333-8FDC-42A3-9474-1A3956D46DE8}") = "Task4", "Task4", "{E73B5588-A1AD-433A-B411-B117280124A0}"
EndProject
Project("{9A19103F-16F7-4668-BE54-9A1E7A4F7556}") = "Tyuiu.KhvorykhVA.Sprint5.Task4.V28", "Tyuiu.KhvorykhVA.Sprint5.Task4.V28\Tyuiu.KhvorykhVA.Sprint5.Task4.V28.csproj", "{B85A3109-38E9-41ED-A85C-D7BFF784D9A3}"
EndProject
Project("{9A19103F-16F7-4668-BE54-9A1E7A4F7556}") = "Tyuiu.KhvorykhVA.Sprint5.Task4.V28.Lib", "Tyuiu.KhvorykhVA.Sprint5.Task4.V28.Lib\Tyuiu.KhvorykhVA.Sprint5.Task4.V28.Lib.csproj", "{7ED6E05D-6512-4268-849B-8CDF81F7D42B}"
EndProject
Project("{9A19103F-16F7-4668-BE54-9A1E7A4F7556}") = "Tyuiu.KhvorykhVA.Sprint5.Task4.V28.Test", "Tyuiu.KhvorykhVA.Sprint5.Task4.V28.Test\Tyuiu.KhvorykhVA.Sprint5.Task4.V28.Test.csproj", "{16B59B15-BC16-4BC0-B14B-3D58E0C2CD60}"
EndProject
Project("{2150E333-8FDC-42A3-9474-1A3956D46DE8}") = "Task5", "Task5", "{8543DFA1-941D-427E-A9A7-8BF5CF0551BB}"
EndProject
Project("{9A19103F-16F7-4668-BE54-9A1E7A4F7556}") = "Tyuiu.KhvorykhVA.Sprint5.Task5.V19", "Tyuiu.KhvorykhVA.Sprint5.Task5.V19\Tyuiu.KhvorykhVA.Sprint5.Task5.V19.csproj", "{863810E2-C90B-4B53-BC53-54BDB077CEA6}"
EndProject
Project("{9A19103F-16F7-4668-BE54-9A1E7A4F7556}") = "Tyuiu.KhvorykhVA.Sprint5.Task5.V19.Lib", "Tyuiu.KhvorykhVA.Sprint5.Task5.V19.Lib\Tyuiu.KhvorykhVA.Sprint5.Task5.V19.Lib.csproj", "{80C3C654-6915-4EF7-8F0E-9CD38EF7E756}"
EndProject
Project("{9A19103F-16F7-4668-BE54-9A1E7A4F7556}") = "Tyuiu.KhvorykhVA.Sprint5.Task5.V19.Test", "Tyuiu.KhvorykhVA.Sprint5.Task5.V19.Test\Tyuiu.KhvorykhVA.Sprint5.Task5.V19.Test.csproj", "{B6BBA76E-6530-4B56-8B80-F827F8B80CD4}"
EndProject
Project("{2150E333-8FDC-42A3-9474-1A3956D46DE8}") = "Task6", "Task6", "{B570AD67-0DAB-4851-A03F-86F7A7D85FAE}"
EndProject
Project("{FAE04EC0-301F-11D3-BF4B-00C04F79EFBC}") = "Tyuiu.KhvorykhVA.Sprint5.Task6.V16", "Tyuiu.KhvorykhVA.Sprint5.Task6.V16\Tyuiu.KhvorykhVA.Sprint5.Task6.V16.csproj", "{B57BFDF6-F27B-4CE7-9F1D-664E4BB82540}"
EndProject
Project("{FAE04EC0-301F-11D3-BF4B-00C04F79EFBC}") = "Tyuiu.KhvorykhVA.Sprint5.Task6.V16.Lib", "Tyuiu.KhvorykhVA.Sprint5.Task6.V16.Lib\Tyuiu.KhvorykhVA.Sprint5.Task6.V16.Lib.csproj", "{6491EDB8-B6D8-4B10-9F3D-56D078C62C40}"
EndProject
Project("{FAE04EC0-301F-11D3-BF4B-00C04F79EFBC}") = "Tyuiu.KhvorykhVA.Sprint5.Task6.V16.Test", "Tyuiu.KhvorykhVA.Sprint5.Task6.V16.Test\Tyuiu.KhvorykhVA.Sprint5.Task6.V16.Test.csproj", "{0A1A1317-CFF5-465A-BAA1-A882D94DF31B}"
EndProject
Project("{2150E333-8FDC-42A3-9474-1A3956D46DE8}") = "Task7", "Task7", "{BF0086A2-6016-47B4-8DC6-403080A1722F}"
EndProject
Project("{FAE04EC0-301F-11D3-BF4B-00C04F79EFBC}") = "Tyuiu.KhvorykhVA.Sprint5.Task7.V23", "Tyuiu.KhvorykhVA.Sprint5.Task7.V23\Tyuiu.KhvorykhVA.Sprint5.Task7.V23.csproj", "{38E300B7-20A7-437D-A229-2C58A3BE309F}"
EndProject
Project("{FAE04EC0-301F-11D3-BF4B-00C04F79EFBC}") = "Tyuiu.KhvorykhVA.Sprint5.Task7.V23.Lib", "Tyuiu.KhvorykhVA.Sprint5.Task7.V23.Lib\Tyuiu.KhvorykhVA.Sprint5.Task7.V23.Lib.csproj", "{82690B01-1762-4312-B0DE-05C6C7926DC2}"
EndProject
Project("{FAE04EC0-301F-11D3-BF4B-00C04F79EFBC}") = "Tyuiu.KhvorykhVA.Sprint5.Task7.V23.Test", "Tyuiu.KhvorykhVA.Sprint5.Task7.V23.Test\Tyuiu.KhvorykhVA.Sprint5.Task7.V23.Test.csproj", "{5F4D8804-8A24-4941-B43A-E7B562E2C635}"
EndProject
Global
	GlobalSection(SolutionConfigurationPlatforms) = preSolution
		Debug|Any CPU = Debug|Any CPU
		Release|Any CPU = Release|Any CPU
	EndGlobalSection
	GlobalSection(ProjectConfigurationPlatforms) = postSolution
		{035B3070-0A47-4482-B7F1-1EF40DDBDE15}.Debug|Any CPU.ActiveCfg = Debug|Any CPU
		{035B3070-0A47-4482-B7F1-1EF40DDBDE15}.Debug|Any CPU.Build.0 = Debug|Any CPU
		{035B3070-0A47-4482-B7F1-1EF40DDBDE15}.Release|Any CPU.ActiveCfg = Release|Any CPU
		{035B3070-0A47-4482-B7F1-1EF40DDBDE15}.Release|Any CPU.Build.0 = Release|Any CPU
		{816DDB55-E78A-4616-8470-E48FE205BB31}.Debug|Any CPU.ActiveCfg = Debug|Any CPU
		{816DDB55-E78A-4616-8470-E48FE205BB31}.Debug|Any CPU.Build.0 = Debug|Any CPU
		{816DDB55-E78A-4616-8470-E48FE205BB31}.Release|Any CPU.ActiveCfg = Release|Any CPU
		{816DDB55-E78A-4616-8470-E48FE205BB31}.Release|Any CPU.Build.0 = Release|Any CPU
		{09E80DF2-2DE4-47E2-A449-8620442480F9}.Debug|Any CPU.ActiveCfg = Debug|Any CPU
		{09E80DF2-2DE4-47E2-A449-8620442480F9}.Debug|Any CPU.Build.0 = Debug|Any CPU
		{09E80DF2-2DE4-47E2-A449-8620442480F9}.Release|Any CPU.ActiveCfg = Release|Any CPU
		{09E80DF2-2DE4-47E2-A449-8620442480F9}.Release|Any CPU.Build.0 = Release|Any CPU
		{129D873E-B141-4FEA-AC98-D05AE0D672A7}.Debug|Any CPU.ActiveCfg = Debug|Any CPU
		{129D873E-B141-4FEA-AC98-D05AE0D672A7}.Debug|Any CPU.Build.0 = Debug|Any CPU
		{129D873E-B141-4FEA-AC98-D05AE0D672A7}.Release|Any CPU.ActiveCfg = Release|Any CPU
		{129D873E-B141-4FEA-AC98-D05AE0D672A7}.Release|Any CPU.Build.0 = Release|Any CPU
		{DD6E975B-1A36-47E8-95AE-6BEE1A659BFC}.Debug|Any CPU.ActiveCfg = Debug|Any CPU
		{DD6E975B-1A36-47E8-95AE-6BEE1A659BFC}.Debug|Any CPU.Build.0 = Debug|Any CPU
		{DD6E975B-1A36-47E8-95AE-6BEE1A659BFC}.Release|Any CPU.ActiveCfg = Release|Any CPU
		{DD6E975B-1A36-47E8-95AE-6BEE1A659BFC}.Release|Any CPU.Build.0 = Release|Any CPU
		{79E39A10-A069-4AC4-8AB1-369AEB95585E}.Debug|Any CPU.ActiveCfg = Debug|Any CPU
		{79E39A10-A069-4AC4-8AB1-369AEB95585E}.Debug|Any CPU.Build.0 = Debug|Any CPU
		{79E39A10-A069-4AC4-8AB1-369AEB95585E}.Release|Any CPU.ActiveCfg = Release|Any CPU
		{79E39A10-A069-4AC4-8AB1-369AEB95585E}.Release|Any CPU.Build.0 = Release|Any CPU
		{AA9BBB41-4314-4ACE-BF40-866E8FE1FAE5}.Debug|Any CPU.ActiveCfg = Debug|Any CPU
		{AA9BBB41-4314-4ACE-BF40-866E8FE1FAE5}.Debug|Any CPU.Build.0 = Debug|Any CPU
		{AA9BBB41-4314-4ACE-BF40-866E8FE1FAE5}.Release|Any CPU.ActiveCfg = Release|Any CPU
		{AA9BBB41-4314-4ACE-BF40-866E8FE1FAE5}.Release|Any CPU.Build.0 = Release|Any CPU
		{067783BB-5CA1-4ECE-87D4-192779EE1FBA}.Debug|Any CPU.ActiveCfg = Debug|Any CPU
		{067783BB-5CA1-4ECE-87D4-192779EE1FBA}.Debug|Any CPU.Build.0 = Debug|Any CPU
		{067783BB-5CA1-4ECE-87D4-192779EE1FBA}.Release|Any CPU.ActiveCfg = Release|Any CPU
		{067783BB-5CA1-4ECE-87D4-192779EE1FBA}.Release|Any CPU.Build.0 = Release|Any CPU
		{7D0FF10A-36FD-4C8A-9A68-72D2911887B8}.Debug|Any CPU.ActiveCfg = Debug|Any CPU
		{7D0FF10A-36FD-4C8A-9A68-72D2911887B8}.Debug|Any CPU.Build.0 = Debug|Any CPU
		{7D0FF10A-36FD-4C8A-9A68-72D2911887B8}.Release|Any CPU.ActiveCfg = Release|Any CPU
		{7D0FF10A-36FD-4C8A-9A68-72D2911887B8}.Release|Any CPU.Build.0 = Release|Any CPU
		{19B4B95F-A1DD-4B37-B5CE-76C3F4216D7F}.Debug|Any CPU.ActiveCfg = Debug|Any CPU
		{19B4B95F-A1DD-4B37-B5CE-76C3F4216D7F}.Debug|Any CPU.Build.0 = Debug|Any CPU
		{19B4B95F-A1DD-4B37-B5CE-76C3F4216D7F}.Release|Any CPU.ActiveCfg = Release|Any CPU
		{19B4B95F-A1DD-4B37-B5CE-76C3F4216D7F}.Release|Any CPU.Build.0 = Release|Any CPU
		{ADBD004C-2095-4AE4-8AC6-AC2A3CE67B99}.Debug|Any CPU.ActiveCfg = Debug|Any CPU
		{ADBD004C-2095-4AE4-8AC6-AC2A3CE67B99}.Debug|Any CPU.Build.0 = Debug|Any CPU
		{ADBD004C-2095-4AE4-8AC6-AC2A3CE67B99}.Release|Any CPU.ActiveCfg = Release|Any CPU
		{ADBD004C-2095-4AE4-8AC6-AC2A3CE67B99}.Release|Any CPU.Build.0 = Release|Any CPU
		{EC0956AC-E4CD-4194-AF98-AA63F3F17A26}.Debug|Any CPU.ActiveCfg = Debug|Any CPU
		{EC0956AC-E4CD-4194-AF98-AA63F3F17A26}.Debug|Any CPU.Build.0 = Debug|Any CPU
		{EC0956AC-E4CD-4194-AF98-AA63F3F17A26}.Release|Any CPU.ActiveCfg = Release|Any CPU
		{EC0956AC-E4CD-4194-AF98-AA63F3F17A26}.Release|Any CPU.Build.0 = Release|Any CPU
		{B85A3109-38E9-41ED-A85C-D7BFF784D9A3}.Debug|Any CPU.ActiveCfg = Debug|Any CPU
		{B85A3109-38E9-41ED-A85C-D7BFF784D9A3}.Debug|Any CPU.Build.0 = Debug|Any CPU
		{B85A3109-38E9-41ED-A85C-D7BFF784D9A3}.Release|Any CPU.ActiveCfg = Release|Any CPU
		{B85A3109-38E9-41ED-A85C-D7BFF784D9A3}.Release|Any CPU.Build.0 = Release|Any CPU
		{7ED6E05D-6512-4268-849B-8CDF81F7D42B}.Debug|Any CPU.ActiveCfg = Debug|Any CPU
		{7ED6E05D-6512-4268-849B-8CDF81F7D42B}.Debug|Any CPU.Build.0 = Debug|Any CPU
		{7ED6E05D-6512-4268-849B-8CDF81F7D42B}.Release|Any CPU.ActiveCfg = Release|Any CPU
		{7ED6E05D-6512-4268-849B-8CDF81F7D42B}.Release|Any CPU.Build.0 = Release|Any CPU
		{16B59B15-BC16-4BC0-B14B-3D58E0C2CD60}.Debug|Any CPU.ActiveCfg = Debug|Any CPU
		{16B59B15-BC16-4BC0-B14B-3D58E0C2CD60}.Debug|Any CPU.Build.0 = Debug|Any CPU
		{16B59B15-BC16-4BC0-B14B-3D58E0C2CD60}.Release|Any CPU.ActiveCfg = Release|Any CPU
		{16B59B15-BC16-4BC0-B14B-3D58E0C2CD60}.Release|Any CPU.Build.0 = Release|Any CPU
		{863810E2-C90B-4B53-BC53-54BDB077CEA6}.Debug|Any CPU.ActiveCfg = Debug|Any CPU
		{863810E2-C90B-4B53-BC53-54BDB077CEA6}.Debug|Any CPU.Build.0 = Debug|Any CPU
		{863810E2-C90B-4B53-BC53-54BDB077CEA6}.Release|Any CPU.ActiveCfg = Release|Any CPU
		{863810E2-C90B-4B53-BC53-54BDB077CEA6}.Release|Any CPU.Build.0 = Release|Any CPU
		{80C3C654-6915-4EF7-8F0E-9CD38EF7E756}.Debug|Any CPU.ActiveCfg = Debug|Any CPU
		{80C3C654-6915-4EF7-8F0E-9CD38EF7E756}.Debug|Any CPU.Build.0 = Debug|Any CPU
		{80C3C654-6915-4EF7-8F0E-9CD38EF7E756}.Release|Any CPU.ActiveCfg = Release|Any CPU
		{80C3C654-6915-4EF7-8F0E-9CD38EF7E756}.Release|Any CPU.Build.0 = Release|Any CPU
		{B6BBA76E-6530-4B56-8B80-F827F8B80CD4}.Debug|Any CPU.ActiveCfg = Debug|Any CPU
		{B6BBA76E-6530-4B56-8B80-F827F8B80CD4}.Debug|Any CPU.Build.0 = Debug|Any CPU
		{B6BBA76E-6530-4B56-8B80-F827F8B80CD4}.Release|Any CPU.ActiveCfg = Release|Any CPU
		{B6BBA76E-6530-4B56-8B80-F827F8B80CD4}.Release|Any CPU.Build.0 = Release|Any CPU
		{B57BFDF6-F27B-4CE7-9F1D-664E4BB82540}.Debug|Any CPU.ActiveCfg = Debug|Any CPU
		{B57BFDF6-F27B-4CE7-9F1D-664E4BB82540}.Debug|Any CPU.Build.0 = Debug|Any CPU
		{B57BFDF6-F27B-4CE7-9F1D-664E4BB82540}.Release|Any CPU.ActiveCfg = Release|Any CPU
		{B57BFDF6-F27B-4CE7-9F1D-664E4BB82540}.Release|Any CPU.Build.0 = Release|Any CPU
		{6491EDB8-B6D8-4B10-9F3D-56D078C62C40}.Debug|Any CPU.ActiveCfg = Debug|Any CPU
		{6491EDB8-B6D8-4B10-9F3D-56D078C62C40}.Debug|Any CPU.Build.0 = Debug|Any CPU
		{6491EDB8-B6D8-4B10-9F3D-56D078C62C40}.Release|Any CPU.ActiveCfg = Release|Any CPU
		{6491EDB8-B6D8-4B10-9F3D-56D078C62C40}.Release|Any CPU.Build.0 = Release|Any CPU
		{0A1A1317-CFF5-465A-BAA1-A882D94DF31B}.Debug|Any CPU.ActiveCfg = Debug|Any CPU
		{0A1A1317-CFF5-465A-BAA1-A882D94DF31B}.Debug|Any CPU.Build.0 = Debug|Any CPU
		{0A1A1317-CFF5-465A-BAA1-A882D94DF31B}.Release|Any CPU.ActiveCfg = Release|Any CPU
		{0A1A1317-CFF5-465A-BAA1-A882D94DF31B}.Release|Any CPU.Build.0 = Release|Any CPU
		{38E300B7-20A7-437D-A229-2C58A3BE309F}.Debug|Any CPU.ActiveCfg = Debug|Any CPU
		{38E300B7-20A7-437D-A229-2C58A3BE309F}.Debug|Any CPU.Build.0 = Debug|Any CPU
		{38E300B7-20A7-437D-A229-2C58A3BE309F}.Release|Any CPU.ActiveCfg = Release|Any CPU
		{38E300B7-20A7-437D-A229-2C58A3BE309F}.Release|Any CPU.Build.0 = Release|Any CPU
		{82690B01-1762-4312-B0DE-05C6C7926DC2}.Debug|Any CPU.ActiveCfg = Debug|Any CPU
		{82690B01-1762-4312-B0DE-05C6C7926DC2}.Debug|Any CPU.Build.0 = Debug|Any CPU
		{82690B01-1762-4312-B0DE-05C6C7926DC2}.Release|Any CPU.ActiveCfg = Release|Any CPU
		{82690B01-1762-4312-B0DE-05C6C7926DC2}.Release|Any CPU.Build.0 = Release|Any CPU
		{5F4D8804-8A24-4941-B43A-E7B562E2C635}.Debug|Any CPU.ActiveCfg = Debug|Any CPU
		{5F4D8804-8A24-4941-B43A-E7B562E2C635}.Debug|Any CPU.Build.0 = Debug|Any CPU
		{5F4D8804-8A24-4941-B43A-E7B562E2C635}.Release|Any CPU.ActiveCfg = Release|Any CPU
		{5F4D8804-8A24-4941-B43A-E7B562E2C635}.Release|Any CPU.Build.0 = Release|Any CPU
	EndGlobalSection
	GlobalSection(SolutionProperties) = preSolution
		HideSolutionNode = FALSE
	EndGlobalSection
	GlobalSection(NestedProjects) = preSolution
		{035B3070-0A47-4482-B7F1-1EF40DDBDE15} = {29204CF8-2174-44A0-8F43-A2EFC602EA26}
		{816DDB55-E78A-4616-8470-E48FE205BB31} = {29204CF8-2174-44A0-8F43-A2EFC602EA26}
		{09E80DF2-2DE4-47E2-A449-8620442480F9} = {29204CF8-2174-44A0-8F43-A2EFC602EA26}
		{129D873E-B141-4FEA-AC98-D05AE0D672A7} = {41AF98EA-59A2-41E6-A8C9-82A1F473AF0B}
		{DD6E975B-1A36-47E8-95AE-6BEE1A659BFC} = {41AF98EA-59A2-41E6-A8C9-82A1F473AF0B}
		{79E39A10-A069-4AC4-8AB1-369AEB95585E} = {41AF98EA-59A2-41E6-A8C9-82A1F473AF0B}
		{AA9BBB41-4314-4ACE-BF40-866E8FE1FAE5} = {77D9AF31-3BCA-421A-A58F-70510A6E46EA}
		{067783BB-5CA1-4ECE-87D4-192779EE1FBA} = {77D9AF31-3BCA-421A-A58F-70510A6E46EA}
		{7D0FF10A-36FD-4C8A-9A68-72D2911887B8} = {77D9AF31-3BCA-421A-A58F-70510A6E46EA}
		{19B4B95F-A1DD-4B37-B5CE-76C3F4216D7F} = {59CC6068-D362-4930-8D85-8FC9238781EE}
		{ADBD004C-2095-4AE4-8AC6-AC2A3CE67B99} = {59CC6068-D362-4930-8D85-8FC9238781EE}
		{EC0956AC-E4CD-4194-AF98-AA63F3F17A26} = {59CC6068-D362-4930-8D85-8FC9238781EE}
		{B85A3109-38E9-41ED-A85C-D7BFF784D9A3} = {E73B5588-A1AD-433A-B411-B117280124A0}
		{7ED6E05D-6512-4268-849B-8CDF81F7D42B} = {E73B5588-A1AD-433A-B411-B117280124A0}
		{16B59B15-BC16-4BC0-B14B-3D58E0C2CD60} = {E73B5588-A1AD-433A-B411-B117280124A0}
		{863810E2-C90B-4B53-BC53-54BDB077CEA6} = {8543DFA1-941D-427E-A9A7-8BF5CF0551BB}
		{80C3C654-6915-4EF7-8F0E-9CD38EF7E756} = {8543DFA1-941D-427E-A9A7-8BF5CF0551BB}
		{B6BBA76E-6530-4B56-8B80-F827F8B80CD4} = {8543DFA1-941D-427E-A9A7-8BF5CF0551BB}
		{B57BFDF6-F27B-4CE7-9F1D-664E4BB82540} = {B570AD67-0DAB-4851-A03F-86F7A7D85FAE}
		{6491EDB8-B6D8-4B10-9F3D-56D078C62C40} = {B570AD67-0DAB-4851-A03F-86F7A7D85FAE}
		{0A1A1317-CFF5-465A-BAA1-A882D94DF31B} = {B570AD67-0DAB-4851-A03F-86F7A7D85FAE}
		{38E300B7-20A7-437D-A229-2C58A3BE309F} = {BF0086A2-6016-47B4-8DC6-403080A1722F}
		{82690B01-1762-4312-B0DE-05C6C7926DC2} = {BF0086A2-6016-47B4-8DC6-403080A1722F}
		{5F4D8804-8A24-4941-B43A-E7B562E2C635} = {BF0086A2-6016-47B4-8DC6-403080A1722F}
	EndGlobalSection
	GlobalSection(ExtensibilityGlobals) = postSolution
		SolutionGuid = {1369E6F1-8AA1-439E-BE50-2D929CE43274}
	EndGlobalSection
EndGlobal
